
Microsoft Visual Studio Solution File, Format Version 12.00
# Visual Studio 14
VisualStudioVersion = 14.0.24720.0
MinimumVisualStudioVersion = 10.0.40219.1
Project("{FAE04EC0-301F-11D3-BF4B-00C04F79EFBC}") = "Chapter4Program3", "Chapter4Program3\Chapter4Program3.csproj", "{A86F306B-2E2E-477F-9271-7651906BB3E6}"
EndProject
Global
	GlobalSection(SolutionConfigurationPlatforms) = preSolution
		Debug|Any CPU = Debug|Any CPU
		Release|Any CPU = Release|Any CPU
	EndGlobalSection
	GlobalSection(ProjectConfigurationPlatforms) = postSolution
		{A86F306B-2E2E-477F-9271-7651906BB3E6}.Debug|Any CPU.ActiveCfg = Debug|Any CPU
		{A86F306B-2E2E-477F-9271-7651906BB3E6}.Debug|Any CPU.Build.0 = Debug|Any CPU
		{A86F306B-2E2E-477F-9271-7651906BB3E6}.Release|Any CPU.ActiveCfg = Release|Any CPU
		{A86F306B-2E2E-477F-9271-7651906BB3E6}.Release|Any CPU.Build.0 = Release|Any CPU
	EndGlobalSection
	GlobalSection(SolutionProperties) = preSolution
		HideSolutionNode = FALSE
	EndGlobalSection
EndGlobal
