
Microsoft Visual Studio Solution File, Format Version 12.00
# Visual Studio 14
VisualStudioVersion = 14.0.24720.0
MinimumVisualStudioVersion = 10.0.40219.1
Project("{FAE04EC0-301F-11D3-BF4B-00C04F79EFBC}") = "Chapter14Program2", "Chapter14Program2\Chapter14Program2.csproj", "{FE31C326-61C7-4ABA-9AA1-664082837E66}"
EndProject
Global
	GlobalSection(SolutionConfigurationPlatforms) = preSolution
		Debug|Any CPU = Debug|Any CPU
		Release|Any CPU = Release|Any CPU
	EndGlobalSection
	GlobalSection(ProjectConfigurationPlatforms) = postSolution
		{FE31C326-61C7-4ABA-9AA1-664082837E66}.Debug|Any CPU.ActiveCfg = Debug|Any CPU
		{FE31C326-61C7-4ABA-9AA1-664082837E66}.Debug|Any CPU.Build.0 = Debug|Any CPU
		{FE31C326-61C7-4ABA-9AA1-664082837E66}.Release|Any CPU.ActiveCfg = Release|Any CPU
		{FE31C326-61C7-4ABA-9AA1-664082837E66}.Release|Any CPU.Build.0 = Release|Any CPU
	EndGlobalSection
	GlobalSection(SolutionProperties) = preSolution
		HideSolutionNode = FALSE
	EndGlobalSection
EndGlobal
