
Microsoft Visual Studio Solution File, Format Version 12.00
# Visual Studio 14
VisualStudioVersion = 14.0.24720.0
MinimumVisualStudioVersion = 10.0.40219.1
Project("{FAE04EC0-301F-11D3-BF4B-00C04F79EFBC}") = "Chapter13Program1", "Chapter13Program1\Chapter13Program1.csproj", "{12E61895-E4B3-4DA3-92CF-E6B858943B84}"
EndProject
Global
	GlobalSection(SolutionConfigurationPlatforms) = preSolution
		Debug|Any CPU = Debug|Any CPU
		Release|Any CPU = Release|Any CPU
	EndGlobalSection
	GlobalSection(ProjectConfigurationPlatforms) = postSolution
		{12E61895-E4B3-4DA3-92CF-E6B858943B84}.Debug|Any CPU.ActiveCfg = Debug|Any CPU
		{12E61895-E4B3-4DA3-92CF-E6B858943B84}.Debug|Any CPU.Build.0 = Debug|Any CPU
		{12E61895-E4B3-4DA3-92CF-E6B858943B84}.Release|Any CPU.ActiveCfg = Release|Any CPU
		{12E61895-E4B3-4DA3-92CF-E6B858943B84}.Release|Any CPU.Build.0 = Release|Any CPU
	EndGlobalSection
	GlobalSection(SolutionProperties) = preSolution
		HideSolutionNode = FALSE
	EndGlobalSection
EndGlobal
