
Microsoft Visual Studio Solution File, Format Version 12.00
# Visual Studio 14
VisualStudioVersion = 14.0.24720.0
MinimumVisualStudioVersion = 10.0.40219.1
Project("{FAE04EC0-301F-11D3-BF4B-00C04F79EFBC}") = "Chapter7Program3", "Chapter7Program3\Chapter7Program3.csproj", "{2903BDBF-B90B-46F6-AE07-7B7BD2273C34}"
EndProject
Global
	GlobalSection(SolutionConfigurationPlatforms) = preSolution
		Debug|Any CPU = Debug|Any CPU
		Release|Any CPU = Release|Any CPU
	EndGlobalSection
	GlobalSection(ProjectConfigurationPlatforms) = postSolution
		{2903BDBF-B90B-46F6-AE07-7B7BD2273C34}.Debug|Any CPU.ActiveCfg = Debug|Any CPU
		{2903BDBF-B90B-46F6-AE07-7B7BD2273C34}.Debug|Any CPU.Build.0 = Debug|Any CPU
		{2903BDBF-B90B-46F6-AE07-7B7BD2273C34}.Release|Any CPU.ActiveCfg = Release|Any CPU
		{2903BDBF-B90B-46F6-AE07-7B7BD2273C34}.Release|Any CPU.Build.0 = Release|Any CPU
	EndGlobalSection
	GlobalSection(SolutionProperties) = preSolution
		HideSolutionNode = FALSE
	EndGlobalSection
EndGlobal
