
Microsoft Visual Studio Solution File, Format Version 12.00
# Visual Studio 14
VisualStudioVersion = 14.0.24720.0
MinimumVisualStudioVersion = 10.0.40219.1
Project("{FAE04EC0-301F-11D3-BF4B-00C04F79EFBC}") = "Chapter3Program2", "Chapter3Program3\Chapter3Program2.csproj", "{9A508F0E-201E-467C-A831-3E6F017885FD}"
EndProject
Global
	GlobalSection(SolutionConfigurationPlatforms) = preSolution
		Debug|Any CPU = Debug|Any CPU
		Release|Any CPU = Release|Any CPU
	EndGlobalSection
	GlobalSection(ProjectConfigurationPlatforms) = postSolution
		{9A508F0E-201E-467C-A831-3E6F017885FD}.Debug|Any CPU.ActiveCfg = Debug|Any CPU
		{9A508F0E-201E-467C-A831-3E6F017885FD}.Debug|Any CPU.Build.0 = Debug|Any CPU
		{9A508F0E-201E-467C-A831-3E6F017885FD}.Release|Any CPU.ActiveCfg = Release|Any CPU
		{9A508F0E-201E-467C-A831-3E6F017885FD}.Release|Any CPU.Build.0 = Release|Any CPU
	EndGlobalSection
	GlobalSection(SolutionProperties) = preSolution
		HideSolutionNode = FALSE
	EndGlobalSection
EndGlobal
